// !$*UTF8*$!
{
	archiveVersion = 1;
	classes = {
	};
	objectVersion = 55;
	objects = {

/* Begin PBXBuildFile section */
		3838358D288B0E0100C9AC80 /* BajatApp.swift in Sources */ = {isa = PBXBuildFile; fileRef = 3838358C288B0E0100C9AC80 /* BajatApp.swift */; };
		3838358F288B0E0100C9AC80 /* ContentView.swift in Sources */ = {isa = PBXBuildFile; fileRef = 3838358E288B0E0100C9AC80 /* ContentView.swift */; };
		38383591288B0E0100C9AC80 /* Assets.xcassets in Resources */ = {isa = PBXBuildFile; fileRef = 38383590288B0E0100C9AC80 /* Assets.xcassets */; };
		38383594288B0E0100C9AC80 /* Preview Assets.xcassets in Resources */ = {isa = PBXBuildFile; fileRef = 38383593288B0E0100C9AC80 /* Preview Assets.xcassets */; };
		3838359E288B0E0100C9AC80 /* BajatTests.swift in Sources */ = {isa = PBXBuildFile; fileRef = 3838359D288B0E0100C9AC80 /* BajatTests.swift */; };
		383835A8288B0E0100C9AC80 /* BajatUITests.swift in Sources */ = {isa = PBXBuildFile; fileRef = 383835A7288B0E0100C9AC80 /* BajatUITests.swift */; };
		383835AA288B0E0100C9AC80 /* BajatUITestsLaunchTests.swift in Sources */ = {isa = PBXBuildFile; fileRef = 383835A9288B0E0100C9AC80 /* BajatUITestsLaunchTests.swift */; };
		383835BF288B152B00C9AC80 /* ffibridge.h in Headers */ = {isa = PBXBuildFile; fileRef = 383835BD288B143500C9AC80 /* ffibridge.h */; };
		38927BAD288B30DF00D1F553 /* libbajat_ffi.xcframework in Frameworks */ = {isa = PBXBuildFile; fileRef = 38927BAC288B30DF00D1F553 /* libbajat_ffi.xcframework */; };
		38927BAE288B30DF00D1F553 /* libbajat_ffi.xcframework in Embed Frameworks */ = {isa = PBXBuildFile; fileRef = 38927BAC288B30DF00D1F553 /* libbajat_ffi.xcframework */; settings = {ATTRIBUTES = (CodeSignOnCopy, RemoveHeadersOnCopy, ); }; };
		38E6AF90288B1F1C00543810 /* FFI.swift in Sources */ = {isa = PBXBuildFile; fileRef = 38E6AF8F288B1F1C00543810 /* FFI.swift */; };
/* End PBXBuildFile section */

/* Begin PBXContainerItemProxy section */
		3838359A288B0E0100C9AC80 /* PBXContainerItemProxy */ = {
			isa = PBXContainerItemProxy;
			containerPortal = 38383581288B0E0100C9AC80 /* Project object */;
			proxyType = 1;
			remoteGlobalIDString = 38383588288B0E0100C9AC80;
			remoteInfo = Bajat;
		};
		383835A4288B0E0100C9AC80 /* PBXContainerItemProxy */ = {
			isa = PBXContainerItemProxy;
			containerPortal = 38383581288B0E0100C9AC80 /* Project object */;
			proxyType = 1;
			remoteGlobalIDString = 38383588288B0E0100C9AC80;
			remoteInfo = Bajat;
		};
/* End PBXContainerItemProxy section */

/* Begin PBXCopyFilesBuildPhase section */
		38927BAF288B30DF00D1F553 /* Embed Frameworks */ = {
			isa = PBXCopyFilesBuildPhase;
			buildActionMask = 2147483647;
			dstPath = "";
			dstSubfolderSpec = 10;
			files = (
				38927BAE288B30DF00D1F553 /* libbajat_ffi.xcframework in Embed Frameworks */,
			);
			name = "Embed Frameworks";
			runOnlyForDeploymentPostprocessing = 0;
		};
/* End PBXCopyFilesBuildPhase section */

/* Begin PBXFileReference section */
		38383589288B0E0100C9AC80 /* Bajat.app */ = {isa = PBXFileReference; explicitFileType = wrapper.application; includeInIndex = 0; path = Bajat.app; sourceTree = BUILT_PRODUCTS_DIR; };
		3838358C288B0E0100C9AC80 /* BajatApp.swift */ = {isa = PBXFileReference; lastKnownFileType = sourcecode.swift; path = BajatApp.swift; sourceTree = "<group>"; };
		3838358E288B0E0100C9AC80 /* ContentView.swift */ = {isa = PBXFileReference; lastKnownFileType = sourcecode.swift; path = ContentView.swift; sourceTree = "<group>"; };
		38383590288B0E0100C9AC80 /* Assets.xcassets */ = {isa = PBXFileReference; lastKnownFileType = folder.assetcatalog; path = Assets.xcassets; sourceTree = "<group>"; };
		38383593288B0E0100C9AC80 /* Preview Assets.xcassets */ = {isa = PBXFileReference; lastKnownFileType = folder.assetcatalog; path = "Preview Assets.xcassets"; sourceTree = "<group>"; };
		38383599288B0E0100C9AC80 /* BajatTests.xctest */ = {isa = PBXFileReference; explicitFileType = wrapper.cfbundle; includeInIndex = 0; path = BajatTests.xctest; sourceTree = BUILT_PRODUCTS_DIR; };
		3838359D288B0E0100C9AC80 /* BajatTests.swift */ = {isa = PBXFileReference; lastKnownFileType = sourcecode.swift; path = BajatTests.swift; sourceTree = "<group>"; };
		383835A3288B0E0100C9AC80 /* BajatUITests.xctest */ = {isa = PBXFileReference; explicitFileType = wrapper.cfbundle; includeInIndex = 0; path = BajatUITests.xctest; sourceTree = BUILT_PRODUCTS_DIR; };
		383835A7288B0E0100C9AC80 /* BajatUITests.swift */ = {isa = PBXFileReference; lastKnownFileType = sourcecode.swift; path = BajatUITests.swift; sourceTree = "<group>"; };
		383835A9288B0E0100C9AC80 /* BajatUITestsLaunchTests.swift */ = {isa = PBXFileReference; lastKnownFileType = sourcecode.swift; path = BajatUITestsLaunchTests.swift; sourceTree = "<group>"; };
		383835BB288B133100C9AC80 /* compile-library.sh */ = {isa = PBXFileReference; lastKnownFileType = text.script.sh; path = "compile-library.sh"; sourceTree = "<group>"; };
		383835BD288B143500C9AC80 /* ffibridge.h */ = {isa = PBXFileReference; lastKnownFileType = sourcecode.c.h; path = ffibridge.h; sourceTree = "<group>"; };
		386173B0288B2C0100A1B264 /* libbajat_ffi.xcframework */ = {isa = PBXFileReference; lastKnownFileType = wrapper.xcframework; path = libbajat_ffi.xcframework; sourceTree = "<group>"; };
		38927BAC288B30DF00D1F553 /* libbajat_ffi.xcframework */ = {isa = PBXFileReference; lastKnownFileType = wrapper.xcframework; name = libbajat_ffi.xcframework; path = bin/libbajat_ffi.xcframework; sourceTree = "<group>"; };
		38E6AF8F288B1F1C00543810 /* FFI.swift */ = {isa = PBXFileReference; lastKnownFileType = sourcecode.swift; path = FFI.swift; sourceTree = "<group>"; };
/* End PBXFileReference section */

/* Begin PBXFrameworksBuildPhase section */
		38383586288B0E0100C9AC80 /* Frameworks */ = {
			isa = PBXFrameworksBuildPhase;
			buildActionMask = 2147483647;
			files = (
				38927BAD288B30DF00D1F553 /* libbajat_ffi.xcframework in Frameworks */,
			);
			runOnlyForDeploymentPostprocessing = 0;
		};
		38383596288B0E0100C9AC80 /* Frameworks */ = {
			isa = PBXFrameworksBuildPhase;
			buildActionMask = 2147483647;
			files = (
			);
			runOnlyForDeploymentPostprocessing = 0;
		};
		383835A0288B0E0100C9AC80 /* Frameworks */ = {
			isa = PBXFrameworksBuildPhase;
			buildActionMask = 2147483647;
			files = (
			);
			runOnlyForDeploymentPostprocessing = 0;
		};
/* End PBXFrameworksBuildPhase section */

/* Begin PBXGroup section */
		38383580288B0E0100C9AC80 = {
			isa = PBXGroup;
			children = (
				383835BC288B141D00C9AC80 /* include */,
				383835BA288B131300C9AC80 /* bin */,
				3838358B288B0E0100C9AC80 /* Bajat */,
				3838359C288B0E0100C9AC80 /* BajatTests */,
				383835A6288B0E0100C9AC80 /* BajatUITests */,
				3838358A288B0E0100C9AC80 /* Products */,
				383835B6288B104100C9AC80 /* Frameworks */,
			);
			sourceTree = "<group>";
		};
		3838358A288B0E0100C9AC80 /* Products */ = {
			isa = PBXGroup;
			children = (
				38383589288B0E0100C9AC80 /* Bajat.app */,
				38383599288B0E0100C9AC80 /* BajatTests.xctest */,
				383835A3288B0E0100C9AC80 /* BajatUITests.xctest */,
			);
			name = Products;
			sourceTree = "<group>";
		};
		3838358B288B0E0100C9AC80 /* Bajat */ = {
			isa = PBXGroup;
			children = (
				38E6AF8E288B1F0600543810 /* Helpers */,
				3838358C288B0E0100C9AC80 /* BajatApp.swift */,
				3838358E288B0E0100C9AC80 /* ContentView.swift */,
				38383590288B0E0100C9AC80 /* Assets.xcassets */,
				38383592288B0E0100C9AC80 /* Preview Content */,
			);
			path = Bajat;
			sourceTree = "<group>";
		};
		38383592288B0E0100C9AC80 /* Preview Content */ = {
			isa = PBXGroup;
			children = (
				38383593288B0E0100C9AC80 /* Preview Assets.xcassets */,
			);
			path = "Preview Content";
			sourceTree = "<group>";
		};
		3838359C288B0E0100C9AC80 /* BajatTests */ = {
			isa = PBXGroup;
			children = (
				3838359D288B0E0100C9AC80 /* BajatTests.swift */,
			);
			path = BajatTests;
			sourceTree = "<group>";
		};
		383835A6288B0E0100C9AC80 /* BajatUITests */ = {
			isa = PBXGroup;
			children = (
				383835A7288B0E0100C9AC80 /* BajatUITests.swift */,
				383835A9288B0E0100C9AC80 /* BajatUITestsLaunchTests.swift */,
			);
			path = BajatUITests;
			sourceTree = "<group>";
		};
		383835B6288B104100C9AC80 /* Frameworks */ = {
			isa = PBXGroup;
			children = (
				38927BAC288B30DF00D1F553 /* libbajat_ffi.xcframework */,
				386173B0288B2C0100A1B264 /* libbajat_ffi.xcframework */,
			);
			name = Frameworks;
			sourceTree = "<group>";
		};
		383835BA288B131300C9AC80 /* bin */ = {
			isa = PBXGroup;
			children = (
				383835BB288B133100C9AC80 /* compile-library.sh */,
			);
			path = bin;
			sourceTree = "<group>";
		};
		383835BC288B141D00C9AC80 /* include */ = {
			isa = PBXGroup;
			children = (
				383835BD288B143500C9AC80 /* ffibridge.h */,
			);
			path = include;
			sourceTree = "<group>";
		};
		38E6AF8E288B1F0600543810 /* Helpers */ = {
			isa = PBXGroup;
			children = (
				38E6AF8F288B1F1C00543810 /* FFI.swift */,
			);
			path = Helpers;
			sourceTree = "<group>";
		};
/* End PBXGroup section */

/* Begin PBXHeadersBuildPhase section */
		383835BE288B150700C9AC80 /* Headers */ = {
			isa = PBXHeadersBuildPhase;
			buildActionMask = 2147483647;
			files = (
				383835BF288B152B00C9AC80 /* ffibridge.h in Headers */,
			);
			runOnlyForDeploymentPostprocessing = 0;
		};
/* End PBXHeadersBuildPhase section */

/* Begin PBXNativeTarget section */
		38383588288B0E0100C9AC80 /* Bajat */ = {
			isa = PBXNativeTarget;
			buildConfigurationList = 383835AD288B0E0100C9AC80 /* Build configuration list for PBXNativeTarget "Bajat" */;
			buildPhases = (
				383835B9288B124300C9AC80 /* Build Rust library */,
				383835BE288B150700C9AC80 /* Headers */,
				38383585288B0E0100C9AC80 /* Sources */,
				38383586288B0E0100C9AC80 /* Frameworks */,
				38383587288B0E0100C9AC80 /* Resources */,
				38927BAF288B30DF00D1F553 /* Embed Frameworks */,
			);
			buildRules = (
			);
			dependencies = (
			);
			name = Bajat;
			productName = Bajat;
			productReference = 38383589288B0E0100C9AC80 /* Bajat.app */;
			productType = "com.apple.product-type.application";
		};
		38383598288B0E0100C9AC80 /* BajatTests */ = {
			isa = PBXNativeTarget;
			buildConfigurationList = 383835B0288B0E0100C9AC80 /* Build configuration list for PBXNativeTarget "BajatTests" */;
			buildPhases = (
				38383595288B0E0100C9AC80 /* Sources */,
				38383596288B0E0100C9AC80 /* Frameworks */,
				38383597288B0E0100C9AC80 /* Resources */,
			);
			buildRules = (
			);
			dependencies = (
				3838359B288B0E0100C9AC80 /* PBXTargetDependency */,
			);
			name = BajatTests;
			productName = BajatTests;
			productReference = 38383599288B0E0100C9AC80 /* BajatTests.xctest */;
			productType = "com.apple.product-type.bundle.unit-test";
		};
		383835A2288B0E0100C9AC80 /* BajatUITests */ = {
			isa = PBXNativeTarget;
			buildConfigurationList = 383835B3288B0E0100C9AC80 /* Build configuration list for PBXNativeTarget "BajatUITests" */;
			buildPhases = (
				3838359F288B0E0100C9AC80 /* Sources */,
				383835A0288B0E0100C9AC80 /* Frameworks */,
				383835A1288B0E0100C9AC80 /* Resources */,
			);
			buildRules = (
			);
			dependencies = (
				383835A5288B0E0100C9AC80 /* PBXTargetDependency */,
			);
			name = BajatUITests;
			productName = BajatUITests;
			productReference = 383835A3288B0E0100C9AC80 /* BajatUITests.xctest */;
			productType = "com.apple.product-type.bundle.ui-testing";
		};
/* End PBXNativeTarget section */

/* Begin PBXProject section */
		38383581288B0E0100C9AC80 /* Project object */ = {
			isa = PBXProject;
			attributes = {
				BuildIndependentTargetsInParallel = 1;
				LastSwiftUpdateCheck = 1340;
				LastUpgradeCheck = 1340;
				TargetAttributes = {
					38383588288B0E0100C9AC80 = {
						CreatedOnToolsVersion = 13.4.1;
					};
					38383598288B0E0100C9AC80 = {
						CreatedOnToolsVersion = 13.4.1;
						TestTargetID = 38383588288B0E0100C9AC80;
					};
					383835A2288B0E0100C9AC80 = {
						CreatedOnToolsVersion = 13.4.1;
						TestTargetID = 38383588288B0E0100C9AC80;
					};
				};
			};
			buildConfigurationList = 38383584288B0E0100C9AC80 /* Build configuration list for PBXProject "Bajat" */;
			compatibilityVersion = "Xcode 13.0";
			developmentRegion = en;
			hasScannedForEncodings = 0;
			knownRegions = (
				en,
				Base,
			);
			mainGroup = 38383580288B0E0100C9AC80;
			productRefGroup = 3838358A288B0E0100C9AC80 /* Products */;
			projectDirPath = "";
			projectRoot = "";
			targets = (
				38383588288B0E0100C9AC80 /* Bajat */,
				38383598288B0E0100C9AC80 /* BajatTests */,
				383835A2288B0E0100C9AC80 /* BajatUITests */,
			);
		};
/* End PBXProject section */

/* Begin PBXResourcesBuildPhase section */
		38383587288B0E0100C9AC80 /* Resources */ = {
			isa = PBXResourcesBuildPhase;
			buildActionMask = 2147483647;
			files = (
				38383594288B0E0100C9AC80 /* Preview Assets.xcassets in Resources */,
				38383591288B0E0100C9AC80 /* Assets.xcassets in Resources */,
			);
			runOnlyForDeploymentPostprocessing = 0;
		};
		38383597288B0E0100C9AC80 /* Resources */ = {
			isa = PBXResourcesBuildPhase;
			buildActionMask = 2147483647;
			files = (
			);
			runOnlyForDeploymentPostprocessing = 0;
		};
		383835A1288B0E0100C9AC80 /* Resources */ = {
			isa = PBXResourcesBuildPhase;
			buildActionMask = 2147483647;
			files = (
			);
			runOnlyForDeploymentPostprocessing = 0;
		};
/* End PBXResourcesBuildPhase section */

/* Begin PBXShellScriptBuildPhase section */
		383835B9288B124300C9AC80 /* Build Rust library */ = {
			isa = PBXShellScriptBuildPhase;
			alwaysOutOfDate = 1;
			buildActionMask = 2147483647;
			files = (
			);
			inputFileListPaths = (
			);
			inputPaths = (
			);
			name = "Build Rust library";
			outputFileListPaths = (
			);
			outputPaths = (
			);
			runOnlyForDeploymentPostprocessing = 0;
			shellPath = /bin/zsh;
			shellScript = "bash ${PROJECT_DIR}/bin/compile-library.sh bajat-ffi $buildvariant\n";
		};
/* End PBXShellScriptBuildPhase section */

/* Begin PBXSourcesBuildPhase section */
		38383585288B0E0100C9AC80 /* Sources */ = {
			isa = PBXSourcesBuildPhase;
			buildActionMask = 2147483647;
			files = (
				3838358F288B0E0100C9AC80 /* ContentView.swift in Sources */,
				3838358D288B0E0100C9AC80 /* BajatApp.swift in Sources */,
				38E6AF90288B1F1C00543810 /* FFI.swift in Sources */,
			);
			runOnlyForDeploymentPostprocessing = 0;
		};
		38383595288B0E0100C9AC80 /* Sources */ = {
			isa = PBXSourcesBuildPhase;
			buildActionMask = 2147483647;
			files = (
				3838359E288B0E0100C9AC80 /* BajatTests.swift in Sources */,
			);
			runOnlyForDeploymentPostprocessing = 0;
		};
		3838359F288B0E0100C9AC80 /* Sources */ = {
			isa = PBXSourcesBuildPhase;
			buildActionMask = 2147483647;
			files = (
				383835A8288B0E0100C9AC80 /* BajatUITests.swift in Sources */,
				383835AA288B0E0100C9AC80 /* BajatUITestsLaunchTests.swift in Sources */,
			);
			runOnlyForDeploymentPostprocessing = 0;
		};
/* End PBXSourcesBuildPhase section */

/* Begin PBXTargetDependency section */
		3838359B288B0E0100C9AC80 /* PBXTargetDependency */ = {
			isa = PBXTargetDependency;
			target = 38383588288B0E0100C9AC80 /* Bajat */;
			targetProxy = 3838359A288B0E0100C9AC80 /* PBXContainerItemProxy */;
		};
		383835A5288B0E0100C9AC80 /* PBXTargetDependency */ = {
			isa = PBXTargetDependency;
			target = 38383588288B0E0100C9AC80 /* Bajat */;
			targetProxy = 383835A4288B0E0100C9AC80 /* PBXContainerItemProxy */;
		};
/* End PBXTargetDependency section */

/* Begin XCBuildConfiguration section */
		383835AB288B0E0100C9AC80 /* Debug */ = {
			isa = XCBuildConfiguration;
			buildSettings = {
				ALWAYS_SEARCH_USER_PATHS = NO;
				CLANG_ANALYZER_NONNULL = YES;
				CLANG_ANALYZER_NUMBER_OBJECT_CONVERSION = YES_AGGRESSIVE;
				CLANG_CXX_LANGUAGE_STANDARD = "gnu++17";
				CLANG_ENABLE_MODULES = YES;
				CLANG_ENABLE_OBJC_ARC = YES;
				CLANG_ENABLE_OBJC_WEAK = YES;
				CLANG_WARN_BLOCK_CAPTURE_AUTORELEASING = YES;
				CLANG_WARN_BOOL_CONVERSION = YES;
				CLANG_WARN_COMMA = YES;
				CLANG_WARN_CONSTANT_CONVERSION = YES;
				CLANG_WARN_DEPRECATED_OBJC_IMPLEMENTATIONS = YES;
				CLANG_WARN_DIRECT_OBJC_ISA_USAGE = YES_ERROR;
				CLANG_WARN_DOCUMENTATION_COMMENTS = YES;
				CLANG_WARN_EMPTY_BODY = YES;
				CLANG_WARN_ENUM_CONVERSION = YES;
				CLANG_WARN_INFINITE_RECURSION = YES;
				CLANG_WARN_INT_CONVERSION = YES;
				CLANG_WARN_NON_LITERAL_NULL_CONVERSION = YES;
				CLANG_WARN_OBJC_IMPLICIT_RETAIN_SELF = YES;
				CLANG_WARN_OBJC_LITERAL_CONVERSION = YES;
				CLANG_WARN_OBJC_ROOT_CLASS = YES_ERROR;
				CLANG_WARN_QUOTED_INCLUDE_IN_FRAMEWORK_HEADER = YES;
				CLANG_WARN_RANGE_LOOP_ANALYSIS = YES;
				CLANG_WARN_STRICT_PROTOTYPES = YES;
				CLANG_WARN_SUSPICIOUS_MOVE = YES;
				CLANG_WARN_UNGUARDED_AVAILABILITY = YES_AGGRESSIVE;
				CLANG_WARN_UNREACHABLE_CODE = YES;
				CLANG_WARN__DUPLICATE_METHOD_MATCH = YES;
				COPY_PHASE_STRIP = NO;
				DEBUG_INFORMATION_FORMAT = dwarf;
				ENABLE_STRICT_OBJC_MSGSEND = YES;
				ENABLE_TESTABILITY = YES;
				GCC_C_LANGUAGE_STANDARD = gnu11;
				GCC_DYNAMIC_NO_PIC = NO;
				GCC_NO_COMMON_BLOCKS = YES;
				GCC_OPTIMIZATION_LEVEL = 0;
				GCC_PREPROCESSOR_DEFINITIONS = (
					"DEBUG=1",
					"$(inherited)",
				);
				GCC_WARN_64_TO_32_BIT_CONVERSION = YES;
				GCC_WARN_ABOUT_RETURN_TYPE = YES_ERROR;
				GCC_WARN_UNDECLARED_SELECTOR = YES;
				GCC_WARN_UNINITIALIZED_AUTOS = YES_AGGRESSIVE;
				GCC_WARN_UNUSED_FUNCTION = YES;
				GCC_WARN_UNUSED_VARIABLE = YES;
				IPHONEOS_DEPLOYMENT_TARGET = 14.0;
				MTL_ENABLE_DEBUG_INFO = INCLUDE_SOURCE;
				MTL_FAST_MATH = YES;
				ONLY_ACTIVE_ARCH = YES;
				SDKROOT = iphoneos;
				SWIFT_ACTIVE_COMPILATION_CONDITIONS = DEBUG;
				SWIFT_OPTIMIZATION_LEVEL = "-Onone";
			};
			name = Debug;
		};
		383835AC288B0E0100C9AC80 /* Release */ = {
			isa = XCBuildConfiguration;
			buildSettings = {
				ALWAYS_SEARCH_USER_PATHS = NO;
				CLANG_ANALYZER_NONNULL = YES;
				CLANG_ANALYZER_NUMBER_OBJECT_CONVERSION = YES_AGGRESSIVE;
				CLANG_CXX_LANGUAGE_STANDARD = "gnu++17";
				CLANG_ENABLE_MODULES = YES;
				CLANG_ENABLE_OBJC_ARC = YES;
				CLANG_ENABLE_OBJC_WEAK = YES;
				CLANG_WARN_BLOCK_CAPTURE_AUTORELEASING = YES;
				CLANG_WARN_BOOL_CONVERSION = YES;
				CLANG_WARN_COMMA = YES;
				CLANG_WARN_CONSTANT_CONVERSION = YES;
				CLANG_WARN_DEPRECATED_OBJC_IMPLEMENTATIONS = YES;
				CLANG_WARN_DIRECT_OBJC_ISA_USAGE = YES_ERROR;
				CLANG_WARN_DOCUMENTATION_COMMENTS = YES;
				CLANG_WARN_EMPTY_BODY = YES;
				CLANG_WARN_ENUM_CONVERSION = YES;
				CLANG_WARN_INFINITE_RECURSION = YES;
				CLANG_WARN_INT_CONVERSION = YES;
				CLANG_WARN_NON_LITERAL_NULL_CONVERSION = YES;
				CLANG_WARN_OBJC_IMPLICIT_RETAIN_SELF = YES;
				CLANG_WARN_OBJC_LITERAL_CONVERSION = YES;
				CLANG_WARN_OBJC_ROOT_CLASS = YES_ERROR;
				CLANG_WARN_QUOTED_INCLUDE_IN_FRAMEWORK_HEADER = YES;
				CLANG_WARN_RANGE_LOOP_ANALYSIS = YES;
				CLANG_WARN_STRICT_PROTOTYPES = YES;
				CLANG_WARN_SUSPICIOUS_MOVE = YES;
				CLANG_WARN_UNGUARDED_AVAILABILITY = YES_AGGRESSIVE;
				CLANG_WARN_UNREACHABLE_CODE = YES;
				CLANG_WARN__DUPLICATE_METHOD_MATCH = YES;
				COPY_PHASE_STRIP = NO;
				DEBUG_INFORMATION_FORMAT = "dwarf-with-dsym";
				ENABLE_NS_ASSERTIONS = NO;
				ENABLE_STRICT_OBJC_MSGSEND = YES;
				GCC_C_LANGUAGE_STANDARD = gnu11;
				GCC_NO_COMMON_BLOCKS = YES;
				GCC_WARN_64_TO_32_BIT_CONVERSION = YES;
				GCC_WARN_ABOUT_RETURN_TYPE = YES_ERROR;
				GCC_WARN_UNDECLARED_SELECTOR = YES;
				GCC_WARN_UNINITIALIZED_AUTOS = YES_AGGRESSIVE;
				GCC_WARN_UNUSED_FUNCTION = YES;
				GCC_WARN_UNUSED_VARIABLE = YES;
				IPHONEOS_DEPLOYMENT_TARGET = 14.0;
				MTL_ENABLE_DEBUG_INFO = NO;
				MTL_FAST_MATH = YES;
				SDKROOT = iphoneos;
				SWIFT_COMPILATION_MODE = wholemodule;
				SWIFT_OPTIMIZATION_LEVEL = "-O";
				VALIDATE_PRODUCT = YES;
			};
			name = Release;
		};
		383835AE288B0E0100C9AC80 /* Debug */ = {
			isa = XCBuildConfiguration;
			buildSettings = {
				ASSETCATALOG_COMPILER_APPICON_NAME = AppIcon;
				ASSETCATALOG_COMPILER_GLOBAL_ACCENT_COLOR_NAME = AccentColor;
				CODE_SIGN_STYLE = Automatic;
				CURRENT_PROJECT_VERSION = 1;
				DEVELOPMENT_ASSET_PATHS = "\"Bajat/Preview Content\"";
				DEVELOPMENT_TEAM = LXQH67HY4Y;
				ENABLE_PREVIEWS = YES;
				GENERATE_INFOPLIST_FILE = YES;
				INFOPLIST_KEY_UIApplicationSceneManifest_Generation = YES;
				INFOPLIST_KEY_UIApplicationSupportsIndirectInputEvents = YES;
				INFOPLIST_KEY_UILaunchScreen_Generation = YES;
				INFOPLIST_KEY_UISupportedInterfaceOrientations = UIInterfaceOrientationPortrait;
				INFOPLIST_KEY_UISupportedInterfaceOrientations_iPad = "UIInterfaceOrientationLandscapeLeft UIInterfaceOrientationLandscapeRight UIInterfaceOrientationPortraitUpsideDown";
				LD_RUNPATH_SEARCH_PATHS = (
					"$(inherited)",
					"@executable_path/Frameworks",
				);
				LIBRARY_SEARCH_PATHS = "";
				MARKETING_VERSION = 1.0;
				PRODUCT_BUNDLE_IDENTIFIER = me.akashgurava.Bajat;
				PRODUCT_NAME = "$(TARGET_NAME)";
				SUPPORTED_PLATFORMS = "iphoneos iphonesimulator";
				SUPPORTS_MACCATALYST = NO;
				SUPPORTS_MAC_DESIGNED_FOR_IPHONE_IPAD = NO;
				SWIFT_EMIT_LOC_STRINGS = YES;
				SWIFT_OBJC_BRIDGING_HEADER = "$(PROJECT_DIR)/include/ffibridge.h";
				SWIFT_VERSION = 5.0;
				TARGETED_DEVICE_FAMILY = 1;
				buildvariant = debug;
			};
			name = Debug;
		};
		383835AF288B0E0100C9AC80 /* Release */ = {
			isa = XCBuildConfiguration;
			buildSettings = {
				ASSETCATALOG_COMPILER_APPICON_NAME = AppIcon;
				ASSETCATALOG_COMPILER_GLOBAL_ACCENT_COLOR_NAME = AccentColor;
				CODE_SIGN_STYLE = Automatic;
				CURRENT_PROJECT_VERSION = 1;
				DEVELOPMENT_ASSET_PATHS = "\"Bajat/Preview Content\"";
				DEVELOPMENT_TEAM = LXQH67HY4Y;
				ENABLE_PREVIEWS = YES;
				GENERATE_INFOPLIST_FILE = YES;
				INFOPLIST_KEY_UIApplicationSceneManifest_Generation = YES;
				INFOPLIST_KEY_UIApplicationSupportsIndirectInputEvents = YES;
				INFOPLIST_KEY_UILaunchScreen_Generation = YES;
				INFOPLIST_KEY_UISupportedInterfaceOrientations = UIInterfaceOrientationPortrait;
				INFOPLIST_KEY_UISupportedInterfaceOrientations_iPad = "UIInterfaceOrientationLandscapeLeft UIInterfaceOrientationLandscapeRight UIInterfaceOrientationPortraitUpsideDown";
				LD_RUNPATH_SEARCH_PATHS = (
					"$(inherited)",
					"@executable_path/Frameworks",
				);
				LIBRARY_SEARCH_PATHS = "";
				MARKETING_VERSION = 1.0;
				PRODUCT_BUNDLE_IDENTIFIER = me.akashgurava.Bajat;
				PRODUCT_NAME = "$(TARGET_NAME)";
				SUPPORTED_PLATFORMS = "iphoneos iphonesimulator";
				SUPPORTS_MACCATALYST = NO;
				SUPPORTS_MAC_DESIGNED_FOR_IPHONE_IPAD = NO;
				SWIFT_EMIT_LOC_STRINGS = YES;
				SWIFT_OBJC_BRIDGING_HEADER = "$(PROJECT_DIR)/include/ffibridge.h";
				SWIFT_VERSION = 5.0;
				TARGETED_DEVICE_FAMILY = 1;
				buildvariant = release;
			};
			name = Release;
		};
		383835B1288B0E0100C9AC80 /* Debug */ = {
			isa = XCBuildConfiguration;
			buildSettings = {
				ALWAYS_EMBED_SWIFT_STANDARD_LIBRARIES = YES;
				BUNDLE_LOADER = "$(TEST_HOST)";
				CODE_SIGN_STYLE = Automatic;
				CURRENT_PROJECT_VERSION = 1;
				DEVELOPMENT_TEAM = LXQH67HY4Y;
				GENERATE_INFOPLIST_FILE = YES;
				IPHONEOS_DEPLOYMENT_TARGET = 15.5;
				MARKETING_VERSION = 1.0;
				PRODUCT_BUNDLE_IDENTIFIER = me.akashgurava.BajatTests;
				PRODUCT_NAME = "$(TARGET_NAME)";
				SWIFT_EMIT_LOC_STRINGS = NO;
				SWIFT_VERSION = 5.0;
				TARGETED_DEVICE_FAMILY = "1,2";
				TEST_HOST = "$(BUILT_PRODUCTS_DIR)/Bajat.app/Bajat";
			};
			name = Debug;
		};
		383835B2288B0E0100C9AC80 /* Release */ = {
			isa = XCBuildConfiguration;
			buildSettings = {
				ALWAYS_EMBED_SWIFT_STANDARD_LIBRARIES = YES;
				BUNDLE_LOADER = "$(TEST_HOST)";
				CODE_SIGN_STYLE = Automatic;
				CURRENT_PROJECT_VERSION = 1;
				DEVELOPMENT_TEAM = LXQH67HY4Y;
				GENERATE_INFOPLIST_FILE = YES;
				IPHONEOS_DEPLOYMENT_TARGET = 15.5;
				MARKETING_VERSION = 1.0;
				PRODUCT_BUNDLE_IDENTIFIER = me.akashgurava.BajatTests;
				PRODUCT_NAME = "$(TARGET_NAME)";
				SWIFT_EMIT_LOC_STRINGS = NO;
				SWIFT_VERSION = 5.0;
				TARGETED_DEVICE_FAMILY = "1,2";
				TEST_HOST = "$(BUILT_PRODUCTS_DIR)/Bajat.app/Bajat";
			};
			name = Release;
		};
		383835B4288B0E0100C9AC80 /* Debug */ = {
			isa = XCBuildConfiguration;
			buildSettings = {
				ALWAYS_EMBED_SWIFT_STANDARD_LIBRARIES = YES;
				CODE_SIGN_STYLE = Automatic;
				CURRENT_PROJECT_VERSION = 1;
				DEVELOPMENT_TEAM = LXQH67HY4Y;
				GENERATE_INFOPLIST_FILE = YES;
				MARKETING_VERSION = 1.0;
				PRODUCT_BUNDLE_IDENTIFIER = me.akashgurava.BajatUITests;
				PRODUCT_NAME = "$(TARGET_NAME)";
				SWIFT_EMIT_LOC_STRINGS = NO;
				SWIFT_VERSION = 5.0;
				TARGETED_DEVICE_FAMILY = "1,2";
				TEST_TARGET_NAME = Bajat;
			};
			name = Debug;
		};
		383835B5288B0E0100C9AC80 /* Release */ = {
			isa = XCBuildConfiguration;
			buildSettings = {
				ALWAYS_EMBED_SWIFT_STANDARD_LIBRARIES = YES;
				CODE_SIGN_STYLE = Automatic;
				CURRENT_PROJECT_VERSION = 1;
				DEVELOPMENT_TEAM = LXQH67HY4Y;
				GENERATE_INFOPLIST_FILE = YES;
				MARKETING_VERSION = 1.0;
				PRODUCT_BUNDLE_IDENTIFIER = me.akashgurava.BajatUITests;
				PRODUCT_NAME = "$(TARGET_NAME)";
				SWIFT_EMIT_LOC_STRINGS = NO;
				SWIFT_VERSION = 5.0;
				TARGETED_DEVICE_FAMILY = "1,2";
				TEST_TARGET_NAME = Bajat;
			};
			name = Release;
		};
/* End XCBuildConfiguration section */

/* Begin XCConfigurationList section */
		38383584288B0E0100C9AC80 /* Build configuration list for PBXProject "Bajat" */ = {
			isa = XCConfigurationList;
			buildConfigurations = (
				383835AB288B0E0100C9AC80 /* Debug */,
				383835AC288B0E0100C9AC80 /* Release */,
			);
			defaultConfigurationIsVisible = 0;
			defaultConfigurationName = Release;
		};
		383835AD288B0E0100C9AC80 /* Build configuration list for PBXNativeTarget "Bajat" */ = {
			isa = XCConfigurationList;
			buildConfigurations = (
				383835AE288B0E0100C9AC80 /* Debug */,
				383835AF288B0E0100C9AC80 /* Release */,
			);
			defaultConfigurationIsVisible = 0;
			defaultConfigurationName = Release;
		};
		383835B0288B0E0100C9AC80 /* Build configuration list for PBXNativeTarget "BajatTests" */ = {
			isa = XCConfigurationList;
			buildConfigurations = (
				383835B1288B0E0100C9AC80 /* Debug */,
				383835B2288B0E0100C9AC80 /* Release */,
			);
			defaultConfigurationIsVisible = 0;
			defaultConfigurationName = Release;
		};
		383835B3288B0E0100C9AC80 /* Build configuration list for PBXNativeTarget "BajatUITests" */ = {
			isa = XCConfigurationList;
			buildConfigurations = (
				383835B4288B0E0100C9AC80 /* Debug */,
				383835B5288B0E0100C9AC80 /* Release */,
			);
			defaultConfigurationIsVisible = 0;
			defaultConfigurationName = Release;
		};
/* End XCConfigurationList section */
	};
	rootObject = 38383581288B0E0100C9AC80 /* Project object */;
}
